PODS:
  - AMKits (2.0.0):
    - AMKits/AMKFoundationExtensions (= 2.0.0)
    - AMKits/AMKUIKitExtensions (= 2.0.0)
  - AMKits/AMKFoundationExtensions (2.0.0)
  - AMKits/AMKUIKitExtensions (2.0.0):
    - AMKits/AMKFoundationExtensions
  - Masonry (1.0.2)
  - SVProgressHUD (2.1.2)

DEPENDENCIES:
  - AMKits (from `../`)
  - Masonry
  - SVProgressHUD

EXTERNAL SOURCES:
  AMKits:
    :path: ../

SPEC CHECKSUMS:
  AMKits: e53dce34ccad84ed427cf3ed4c27c1c63889a5e8
  Masonry: 7c429b56da9d4ee0bbb3ed77a5ea710d6a5df39e
  SVProgressHUD: c404a55d78acbeb7ebb78b76d3faf986475a6994

PODFILE CHECKSUM: abf5d9c1c590459b786ff55c56f732fdb7816a62

COCOAPODS: 1.2.1
